
Microsoft Visual Studio Solution File, Format Version 12.00
# Visual Studio Version 17
VisualStudioVersion = 17.13.35931.197 d17.13
MinimumVisualStudioVersion = 10.0.40219.1
Project("{FAE04EC0-301F-11D3-BF4B-00C04F79EFBC}") = "Task1", "Task1\Task1.csproj", "{7B39B335-8991-428C-B54D-DF17168610E8}"
EndProject
Project("{FAE04EC0-301F-11D3-BF4B-00C04F79EFBC}") = "Demo", "Demo\Demo.csproj", "{BBCBA77D-2D13-490D-854A-0F9A99B16971}"
EndProject
Global
	GlobalSection(SolutionConfigurationPlatforms) = preSolution
		Debug|Any CPU = Debug|Any CPU
		Release|Any CPU = Release|Any CPU
	EndGlobalSection
	GlobalSection(ProjectConfigurationPlatforms) = postSolution
		{7B39B335-8991-428C-B54D-DF17168610E8}.Debug|Any CPU.ActiveCfg = Debug|Any CPU
		{7B39B335-8991-428C-B54D-DF17168610E8}.Debug|Any CPU.Build.0 = Debug|Any CPU
		{7B39B335-8991-428C-B54D-DF17168610E8}.Release|Any CPU.ActiveCfg = Release|Any CPU
		{7B39B335-8991-428C-B54D-DF17168610E8}.Release|Any CPU.Build.0 = Release|Any CPU
		{BBCBA77D-2D13-490D-854A-0F9A99B16971}.Debug|Any CPU.ActiveCfg = Debug|Any CPU
		{BBCBA77D-2D13-490D-854A-0F9A99B16971}.Debug|Any CPU.Build.0 = Debug|Any CPU
		{BBCBA77D-2D13-490D-854A-0F9A99B16971}.Release|Any CPU.ActiveCfg = Release|Any CPU
		{BBCBA77D-2D13-490D-854A-0F9A99B16971}.Release|Any CPU.Build.0 = Release|Any CPU
	EndGlobalSection
	GlobalSection(SolutionProperties) = preSolution
		HideSolutionNode = FALSE
	EndGlobalSection
	GlobalSection(ExtensibilityGlobals) = postSolution
		SolutionGuid = {F68F0D36-E5BC-4D82-A12D-80F2C72F2760}
	EndGlobalSection
EndGlobal
