
Microsoft Visual Studio Solution File, Format Version 12.00
# Visual Studio Version 17
VisualStudioVersion = 17.13.35931.197 d17.13
MinimumVisualStudioVersion = 10.0.40219.1
Project("{FAE04EC0-301F-11D3-BF4B-00C04F79EFBC}") = "Task1", "Task1\Task1.csproj", "{ABB432EC-D861-4A49-9A2D-699788D13178}"
EndProject
Global
	GlobalSection(SolutionConfigurationPlatforms) = preSolution
		Debug|Any CPU = Debug|Any CPU
		Release|Any CPU = Release|Any CPU
	EndGlobalSection
	GlobalSection(ProjectConfigurationPlatforms) = postSolution
		{ABB432EC-D861-4A49-9A2D-699788D13178}.Debug|Any CPU.ActiveCfg = Debug|Any CPU
		{ABB432EC-D861-4A49-9A2D-699788D13178}.Debug|Any CPU.Build.0 = Debug|Any CPU
		{ABB432EC-D861-4A49-9A2D-699788D13178}.Release|Any CPU.ActiveCfg = Release|Any CPU
		{ABB432EC-D861-4A49-9A2D-699788D13178}.Release|Any CPU.Build.0 = Release|Any CPU
	EndGlobalSection
	GlobalSection(SolutionProperties) = preSolution
		HideSolutionNode = FALSE
	EndGlobalSection
	GlobalSection(ExtensibilityGlobals) = postSolution
		SolutionGuid = {F0BE5142-8250-4ECB-94D0-47D40D33BA59}
	EndGlobalSection
EndGlobal
