
Microsoft Visual Studio Solution File, Format Version 12.00
# Visual Studio Version 17
VisualStudioVersion = 17.13.35931.197 d17.13
MinimumVisualStudioVersion = 10.0.40219.1
Project("{FAE04EC0-301F-11D3-BF4B-00C04F79EFBC}") = "Quiz", "Quiz\Quiz.csproj", "{D4139453-CAEB-4A99-BFD2-882785DC3D19}"
EndProject
Global
	GlobalSection(SolutionConfigurationPlatforms) = preSolution
		Debug|Any CPU = Debug|Any CPU
		Release|Any CPU = Release|Any CPU
	EndGlobalSection
	GlobalSection(ProjectConfigurationPlatforms) = postSolution
		{D4139453-CAEB-4A99-BFD2-882785DC3D19}.Debug|Any CPU.ActiveCfg = Debug|Any CPU
		{D4139453-CAEB-4A99-BFD2-882785DC3D19}.Debug|Any CPU.Build.0 = Debug|Any CPU
		{D4139453-CAEB-4A99-BFD2-882785DC3D19}.Release|Any CPU.ActiveCfg = Release|Any CPU
		{D4139453-CAEB-4A99-BFD2-882785DC3D19}.Release|Any CPU.Build.0 = Release|Any CPU
	EndGlobalSection
	GlobalSection(SolutionProperties) = preSolution
		HideSolutionNode = FALSE
	EndGlobalSection
	GlobalSection(ExtensibilityGlobals) = postSolution
		SolutionGuid = {3F32D190-3D62-412D-ADBC-1212D3AC1F04}
	EndGlobalSection
EndGlobal
