
Microsoft Visual Studio Solution File, Format Version 12.00
# Visual Studio Version 17
VisualStudioVersion = 17.13.35931.197 d17.13
MinimumVisualStudioVersion = 10.0.40219.1
Project("{FAE04EC0-301F-11D3-BF4B-00C04F79EFBC}") = "Quiz", "Quiz\Quiz.csproj", "{A7AEC0CA-3175-4F99-A798-4BE1AC637129}"
EndProject
Global
	GlobalSection(SolutionConfigurationPlatforms) = preSolution
		Debug|Any CPU = Debug|Any CPU
		Release|Any CPU = Release|Any CPU
	EndGlobalSection
	GlobalSection(ProjectConfigurationPlatforms) = postSolution
		{A7AEC0CA-3175-4F99-A798-4BE1AC637129}.Debug|Any CPU.ActiveCfg = Debug|Any CPU
		{A7AEC0CA-3175-4F99-A798-4BE1AC637129}.Debug|Any CPU.Build.0 = Debug|Any CPU
		{A7AEC0CA-3175-4F99-A798-4BE1AC637129}.Release|Any CPU.ActiveCfg = Release|Any CPU
		{A7AEC0CA-3175-4F99-A798-4BE1AC637129}.Release|Any CPU.Build.0 = Release|Any CPU
	EndGlobalSection
	GlobalSection(SolutionProperties) = preSolution
		HideSolutionNode = FALSE
	EndGlobalSection
	GlobalSection(ExtensibilityGlobals) = postSolution
		SolutionGuid = {44470BBC-9970-4D74-BE07-706D30435C9E}
	EndGlobalSection
EndGlobal
