
Microsoft Visual Studio Solution File, Format Version 12.00
# Visual Studio Version 17
VisualStudioVersion = 17.13.35931.197
MinimumVisualStudioVersion = 10.0.40219.1
Project("{FAE04EC0-301F-11D3-BF4B-00C04F79EFBC}") = "IKEA.pl", "IKEA.pl\IKEA.pl.csproj", "{76BA4D92-AAA6-4A13-9634-F42FD537024F}"
EndProject
Project("{FAE04EC0-301F-11D3-BF4B-00C04F79EFBC}") = "IKEA.BLL", "IKEA.BLL\IKEA.BLL.csproj", "{67FF78FB-32FC-4441-B558-17DC266BABB1}"
EndProject
Project("{FAE04EC0-301F-11D3-BF4B-00C04F79EFBC}") = "IKEA.DAL", "IKEA.DAL\IKEA.DAL.csproj", "{DD4135B0-D420-4CA9-98C1-1E119A9C4E58}"
EndProject
Global
	GlobalSection(SolutionConfigurationPlatforms) = preSolution
		Debug|Any CPU = Debug|Any CPU
		Release|Any CPU = Release|Any CPU
	EndGlobalSection
	GlobalSection(ProjectConfigurationPlatforms) = postSolution
		{76BA4D92-AAA6-4A13-9634-F42FD537024F}.Debug|Any CPU.ActiveCfg = Debug|Any CPU
		{76BA4D92-AAA6-4A13-9634-F42FD537024F}.Debug|Any CPU.Build.0 = Debug|Any CPU
		{76BA4D92-AAA6-4A13-9634-F42FD537024F}.Release|Any CPU.ActiveCfg = Release|Any CPU
		{76BA4D92-AAA6-4A13-9634-F42FD537024F}.Release|Any CPU.Build.0 = Release|Any CPU
		{67FF78FB-32FC-4441-B558-17DC266BABB1}.Debug|Any CPU.ActiveCfg = Debug|Any CPU
		{67FF78FB-32FC-4441-B558-17DC266BABB1}.Debug|Any CPU.Build.0 = Debug|Any CPU
		{67FF78FB-32FC-4441-B558-17DC266BABB1}.Release|Any CPU.ActiveCfg = Release|Any CPU
		{67FF78FB-32FC-4441-B558-17DC266BABB1}.Release|Any CPU.Build.0 = Release|Any CPU
		{DD4135B0-D420-4CA9-98C1-1E119A9C4E58}.Debug|Any CPU.ActiveCfg = Debug|Any CPU
		{DD4135B0-D420-4CA9-98C1-1E119A9C4E58}.Debug|Any CPU.Build.0 = Debug|Any CPU
		{DD4135B0-D420-4CA9-98C1-1E119A9C4E58}.Release|Any CPU.ActiveCfg = Release|Any CPU
		{DD4135B0-D420-4CA9-98C1-1E119A9C4E58}.Release|Any CPU.Build.0 = Release|Any CPU
	EndGlobalSection
	GlobalSection(SolutionProperties) = preSolution
		HideSolutionNode = FALSE
	EndGlobalSection
	GlobalSection(ExtensibilityGlobals) = postSolution
		SolutionGuid = {A1E4C1FE-6DAE-4F89-93E0-387AA29127C1}
	EndGlobalSection
EndGlobal
