
Microsoft Visual Studio Solution File, Format Version 12.00
# Visual Studio Version 17
VisualStudioVersion = 17.13.35931.197 d17.13
MinimumVisualStudioVersion = 10.0.40219.1
Project("{FAE04EC0-301F-11D3-BF4B-00C04F79EFBC}") = "MVCApp.PL", "MVCPracticeApp\MVCApp.PL.csproj", "{48390D10-F099-4D94-AEDC-FFF59C86286D}"
EndProject
Project("{FAE04EC0-301F-11D3-BF4B-00C04F79EFBC}") = "MVCApp.BLL", "MVCApp.PL\MVCApp.BLL.csproj", "{71793DAA-5020-44B0-B9FF-0F3C43F53DBB}"
EndProject
Project("{FAE04EC0-301F-11D3-BF4B-00C04F79EFBC}") = "MVCApp.DAL", "MVCApp.DAL\MVCApp.DAL.csproj", "{A27FF1EF-BBF6-42B0-AC12-3180D1D840CB}"
EndProject
Global
	GlobalSection(SolutionConfigurationPlatforms) = preSolution
		Debug|Any CPU = Debug|Any CPU
		Release|Any CPU = Release|Any CPU
	EndGlobalSection
	GlobalSection(ProjectConfigurationPlatforms) = postSolution
		{48390D10-F099-4D94-AEDC-FFF59C86286D}.Debug|Any CPU.ActiveCfg = Debug|Any CPU
		{48390D10-F099-4D94-AEDC-FFF59C86286D}.Debug|Any CPU.Build.0 = Debug|Any CPU
		{48390D10-F099-4D94-AEDC-FFF59C86286D}.Release|Any CPU.ActiveCfg = Release|Any CPU
		{48390D10-F099-4D94-AEDC-FFF59C86286D}.Release|Any CPU.Build.0 = Release|Any CPU
		{71793DAA-5020-44B0-B9FF-0F3C43F53DBB}.Debug|Any CPU.ActiveCfg = Debug|Any CPU
		{71793DAA-5020-44B0-B9FF-0F3C43F53DBB}.Debug|Any CPU.Build.0 = Debug|Any CPU
		{71793DAA-5020-44B0-B9FF-0F3C43F53DBB}.Release|Any CPU.ActiveCfg = Release|Any CPU
		{71793DAA-5020-44B0-B9FF-0F3C43F53DBB}.Release|Any CPU.Build.0 = Release|Any CPU
		{A27FF1EF-BBF6-42B0-AC12-3180D1D840CB}.Debug|Any CPU.ActiveCfg = Debug|Any CPU
		{A27FF1EF-BBF6-42B0-AC12-3180D1D840CB}.Debug|Any CPU.Build.0 = Debug|Any CPU
		{A27FF1EF-BBF6-42B0-AC12-3180D1D840CB}.Release|Any CPU.ActiveCfg = Release|Any CPU
		{A27FF1EF-BBF6-42B0-AC12-3180D1D840CB}.Release|Any CPU.Build.0 = Release|Any CPU
	EndGlobalSection
	GlobalSection(SolutionProperties) = preSolution
		HideSolutionNode = FALSE
	EndGlobalSection
	GlobalSection(ExtensibilityGlobals) = postSolution
		SolutionGuid = {B204F939-D929-493C-8493-AA16EC795B1B}
	EndGlobalSection
EndGlobal
